
Microsoft Visual Studio Solution File, Format Version 12.00
# Visual Studio 15
VisualStudioVersion = 15.0.28307.1169
MinimumVisualStudioVersion = 10.0.40219.1
Project("{FAE04EC0-301F-11D3-BF4B-00C04F79EFBC}") = "WTowerAndroidAPI.Android", "WTowerAndroidAPI\WTowerAndroidAPI.Android\WTowerAndroidAPI.Android.csproj", "{2C874BB9-A816-46C8-A451-344F06E3A2C3}"
EndProject
Project("{FAE04EC0-301F-11D3-BF4B-00C04F79EFBC}") = "WTowerAndroidAPI", "WTowerAndroidAPI\WTowerAndroidAPI\WTowerAndroidAPI.csproj", "{7E86C035-9DC0-4C05-B471-74EBA1BBE4CA}"
EndProject
Global
	GlobalSection(SolutionConfigurationPlatforms) = preSolution
		Debug|Any CPU = Debug|Any CPU
		Release|Any CPU = Release|Any CPU
	EndGlobalSection
	GlobalSection(ProjectConfigurationPlatforms) = postSolution
		{2C874BB9-A816-46C8-A451-344F06E3A2C3}.Debug|Any CPU.ActiveCfg = Debug|Any CPU
		{2C874BB9-A816-46C8-A451-344F06E3A2C3}.Debug|Any CPU.Build.0 = Debug|Any CPU
		{2C874BB9-A816-46C8-A451-344F06E3A2C3}.Debug|Any CPU.Deploy.0 = Debug|Any CPU
		{2C874BB9-A816-46C8-A451-344F06E3A2C3}.Release|Any CPU.ActiveCfg = Release|Any CPU
		{2C874BB9-A816-46C8-A451-344F06E3A2C3}.Release|Any CPU.Build.0 = Release|Any CPU
		{2C874BB9-A816-46C8-A451-344F06E3A2C3}.Release|Any CPU.Deploy.0 = Release|Any CPU
		{7E86C035-9DC0-4C05-B471-74EBA1BBE4CA}.Debug|Any CPU.ActiveCfg = Debug|Any CPU
		{7E86C035-9DC0-4C05-B471-74EBA1BBE4CA}.Debug|Any CPU.Build.0 = Debug|Any CPU
		{7E86C035-9DC0-4C05-B471-74EBA1BBE4CA}.Debug|Any CPU.Deploy.0 = Debug|Any CPU
		{7E86C035-9DC0-4C05-B471-74EBA1BBE4CA}.Release|Any CPU.ActiveCfg = Release|Any CPU
		{7E86C035-9DC0-4C05-B471-74EBA1BBE4CA}.Release|Any CPU.Build.0 = Release|Any CPU
		{7E86C035-9DC0-4C05-B471-74EBA1BBE4CA}.Release|Any CPU.Deploy.0 = Release|Any CPU
	EndGlobalSection
	GlobalSection(SolutionProperties) = preSolution
		HideSolutionNode = FALSE
	EndGlobalSection
	GlobalSection(ExtensibilityGlobals) = postSolution
		SolutionGuid = {E803B0B4-4B79-4502-A418-FC2D1A477804}
	EndGlobalSection
EndGlobal
